
Microsoft Visual Studio Solution File, Format Version 12.00
# Visual Studio Version 17
VisualStudioVersion = 17.0.31903.59
MinimumVisualStudioVersion = 10.0.40219.1
Project("{FAE04EC0-301F-11D3-BF4B-00C04F79EFBC}") = "Flamoris2D.ProductHost.Client", "src\Flamoris2D.ProductHost.Client\Flamoris2D.ProductHost.Client.csproj", "{3CF7085D-3D75-4B52-B285-9E2C54A8B16C}"
EndProject
Project("{FAE04EC0-301F-11D3-BF4B-00C04F79EFBC}") = "Flamoris2D.App", "src\Flamoris2D.App\Flamoris2D.App.csproj", "{7D63CE05-0AF5-4FC9-A86E-B8EF0EE86B23}"
EndProject
Project("{FAE04EC0-301F-11D3-BF4B-00C04F79EFBC}") = "Flamoris2D.ProductHost.Client.Tests", "tests\Flamoris2D.ProductHost.Client.Tests\Flamoris2D.ProductHost.Client.Tests.csproj", "{BCC6326C-CF31-490B-B98C-FEF2236B2C6F}"
EndProject
Project("{2150E333-8FDC-42A3-9474-1A3956D46DE8}") = "src", "src", "{827E0CD3-B72D-47B6-A68D-7590B98EB39B}"
EndProject
Project("{FAE04EC0-301F-11D3-BF4B-00C04F79EFBC}") = "Flamoris2D.Bridge", "src\Flamoris2D.Bridge\Flamoris2D.Bridge.csproj", "{2543E281-AC27-4383-9CBD-6DE89810DFF1}"
EndProject
Global
	GlobalSection(SolutionConfigurationPlatforms) = preSolution
		Debug|Any CPU = Debug|Any CPU
		Debug|x64 = Debug|x64
		Debug|x86 = Debug|x86
		Release|Any CPU = Release|Any CPU
		Release|x64 = Release|x64
		Release|x86 = Release|x86
	EndGlobalSection
	GlobalSection(ProjectConfigurationPlatforms) = postSolution
		{3CF7085D-3D75-4B52-B285-9E2C54A8B16C}.Debug|Any CPU.ActiveCfg = Debug|Any CPU
		{3CF7085D-3D75-4B52-B285-9E2C54A8B16C}.Debug|Any CPU.Build.0 = Debug|Any CPU
		{3CF7085D-3D75-4B52-B285-9E2C54A8B16C}.Debug|x64.ActiveCfg = Debug|Any CPU
		{3CF7085D-3D75-4B52-B285-9E2C54A8B16C}.Debug|x64.Build.0 = Debug|Any CPU
		{3CF7085D-3D75-4B52-B285-9E2C54A8B16C}.Debug|x86.ActiveCfg = Debug|Any CPU
		{3CF7085D-3D75-4B52-B285-9E2C54A8B16C}.Debug|x86.Build.0 = Debug|Any CPU
		{3CF7085D-3D75-4B52-B285-9E2C54A8B16C}.Release|Any CPU.ActiveCfg = Release|Any CPU
		{3CF7085D-3D75-4B52-B285-9E2C54A8B16C}.Release|Any CPU.Build.0 = Release|Any CPU
		{3CF7085D-3D75-4B52-B285-9E2C54A8B16C}.Release|x64.ActiveCfg = Release|Any CPU
		{3CF7085D-3D75-4B52-B285-9E2C54A8B16C}.Release|x64.Build.0 = Release|Any CPU
		{3CF7085D-3D75-4B52-B285-9E2C54A8B16C}.Release|x86.ActiveCfg = Release|Any CPU
		{3CF7085D-3D75-4B52-B285-9E2C54A8B16C}.Release|x86.Build.0 = Release|Any CPU
		{7D63CE05-0AF5-4FC9-A86E-B8EF0EE86B23}.Debug|Any CPU.ActiveCfg = Debug|Any CPU
		{7D63CE05-0AF5-4FC9-A86E-B8EF0EE86B23}.Debug|Any CPU.Build.0 = Debug|Any CPU
		{7D63CE05-0AF5-4FC9-A86E-B8EF0EE86B23}.Debug|x64.ActiveCfg = Debug|Any CPU
		{7D63CE05-0AF5-4FC9-A86E-B8EF0EE86B23}.Debug|x64.Build.0 = Debug|Any CPU
		{7D63CE05-0AF5-4FC9-A86E-B8EF0EE86B23}.Debug|x86.ActiveCfg = Debug|Any CPU
		{7D63CE05-0AF5-4FC9-A86E-B8EF0EE86B23}.Debug|x86.Build.0 = Debug|Any CPU
		{7D63CE05-0AF5-4FC9-A86E-B8EF0EE86B23}.Release|Any CPU.ActiveCfg = Release|Any CPU
		{7D63CE05-0AF5-4FC9-A86E-B8EF0EE86B23}.Release|Any CPU.Build.0 = Release|Any CPU
		{7D63CE05-0AF5-4FC9-A86E-B8EF0EE86B23}.Release|x64.ActiveCfg = Release|Any CPU
		{7D63CE05-0AF5-4FC9-A86E-B8EF0EE86B23}.Release|x64.Build.0 = Release|Any CPU
		{7D63CE05-0AF5-4FC9-A86E-B8EF0EE86B23}.Release|x86.ActiveCfg = Release|Any CPU
		{7D63CE05-0AF5-4FC9-A86E-B8EF0EE86B23}.Release|x86.Build.0 = Release|Any CPU
		{BCC6326C-CF31-490B-B98C-FEF2236B2C6F}.Debug|Any CPU.ActiveCfg = Debug|Any CPU
		{BCC6326C-CF31-490B-B98C-FEF2236B2C6F}.Debug|Any CPU.Build.0 = Debug|Any CPU
		{BCC6326C-CF31-490B-B98C-FEF2236B2C6F}.Debug|x64.ActiveCfg = Debug|Any CPU
		{BCC6326C-CF31-490B-B98C-FEF2236B2C6F}.Debug|x64.Build.0 = Debug|Any CPU
		{BCC6326C-CF31-490B-B98C-FEF2236B2C6F}.Debug|x86.ActiveCfg = Debug|Any CPU
		{BCC6326C-CF31-490B-B98C-FEF2236B2C6F}.Debug|x86.Build.0 = Debug|Any CPU
		{BCC6326C-CF31-490B-B98C-FEF2236B2C6F}.Release|Any CPU.ActiveCfg = Release|Any CPU
		{BCC6326C-CF31-490B-B98C-FEF2236B2C6F}.Release|Any CPU.Build.0 = Release|Any CPU
		{BCC6326C-CF31-490B-B98C-FEF2236B2C6F}.Release|x64.ActiveCfg = Release|Any CPU
		{BCC6326C-CF31-490B-B98C-FEF2236B2C6F}.Release|x64.Build.0 = Release|Any CPU
		{BCC6326C-CF31-490B-B98C-FEF2236B2C6F}.Release|x86.ActiveCfg = Release|Any CPU
		{BCC6326C-CF31-490B-B98C-FEF2236B2C6F}.Release|x86.Build.0 = Release|Any CPU
		{2543E281-AC27-4383-9CBD-6DE89810DFF1}.Debug|Any CPU.ActiveCfg = Debug|Any CPU
		{2543E281-AC27-4383-9CBD-6DE89810DFF1}.Debug|Any CPU.Build.0 = Debug|Any CPU
		{2543E281-AC27-4383-9CBD-6DE89810DFF1}.Debug|x64.ActiveCfg = Debug|Any CPU
		{2543E281-AC27-4383-9CBD-6DE89810DFF1}.Debug|x64.Build.0 = Debug|Any CPU
		{2543E281-AC27-4383-9CBD-6DE89810DFF1}.Debug|x86.ActiveCfg = Debug|Any CPU
		{2543E281-AC27-4383-9CBD-6DE89810DFF1}.Debug|x86.Build.0 = Debug|Any CPU
		{2543E281-AC27-4383-9CBD-6DE89810DFF1}.Release|Any CPU.ActiveCfg = Release|Any CPU
		{2543E281-AC27-4383-9CBD-6DE89810DFF1}.Release|Any CPU.Build.0 = Release|Any CPU
		{2543E281-AC27-4383-9CBD-6DE89810DFF1}.Release|x64.ActiveCfg = Release|Any CPU
		{2543E281-AC27-4383-9CBD-6DE89810DFF1}.Release|x64.Build.0 = Release|Any CPU
		{2543E281-AC27-4383-9CBD-6DE89810DFF1}.Release|x86.ActiveCfg = Release|Any CPU
		{2543E281-AC27-4383-9CBD-6DE89810DFF1}.Release|x86.Build.0 = Release|Any CPU
	EndGlobalSection
	GlobalSection(SolutionProperties) = preSolution
		HideSolutionNode = FALSE
	EndGlobalSection
	GlobalSection(NestedProjects) = preSolution
		{2543E281-AC27-4383-9CBD-6DE89810DFF1} = {827E0CD3-B72D-47B6-A68D-7590B98EB39B}
	EndGlobalSection
EndGlobal
